# This file is automatically @generated by Cargo.
# It is not intended for manual editing.
version = 3

[[package]]
name = "ariadne"
version = "0.4.0"
source = "registry+https://github.com/rust-lang/crates.io-index"
checksum = "dd002a6223f12c7a95cdd4b1cb3a0149d22d37f7a9ecdb2cb691a071fe236c29"
dependencies = [
 "unicode-width",
 "yansi",
]

[[package]]
name = "olympus-common"
version = "0.0.0"
dependencies = [
 "ariadne",
]

[[package]]
name = "olympus-compiler"
version = "0.0.0"
dependencies = [
 "ariadne",
 "olympus-common",
 "olympus-lexer",
 "olympus-parser",
 "olympus-verifier",
]

[[package]]
name = "olympus-lexer"
version = "0.0.0"
dependencies = [
 "olympus-common",
 "unicode-segmentation",
]

[[package]]
name = "olympus-parser"
version = "0.0.0"
dependencies = [
 "olympus-common",
 "olympus-lexer",
]

[[package]]
name = "olympus-verifier"
version = "0.0.0"
dependencies = [
 "olympus-common",
 "olympus-lexer",
 "olympus-parser",
]

[[package]]
name = "unicode-segmentation"
version = "1.11.0"
source = "registry+https://github.com/rust-lang/crates.io-index"
checksum = "d4c87d22b6e3f4a18d4d40ef354e97c90fcb14dd91d7dc0aa9d8a1172ebf7202"

[[package]]
name = "unicode-width"
version = "0.1.11"
source = "registry+https://github.com/rust-lang/crates.io-index"
checksum = "e51733f11c9c4f72aa0c160008246859e340b00807569a0da0e7a1079b27ba85"

[[package]]
name = "yansi"
version = "0.5.1"
source = "registry+https://github.com/rust-lang/crates.io-index"
checksum = "09041cd90cf85f7f8b2df60c646f853b7f535ce68f85244eb6731cf89fa498ec"
